
Microsoft Visual Studio Solution File, Format Version 12.00
# Visual Studio 14
VisualStudioVersion = 14.0.25420.1
MinimumVisualStudioVersion = 10.0.40219.1
Project("{FAE04EC0-301F-11D3-BF4B-00C04F79EFBC}") = "MergeFilesPdf", "MergeFilesPdf\MergeFilesPdf.csproj", "{373EE8AF-DB45-435D-A62F-CE23EE642106}"
EndProject
Project("{FAE04EC0-301F-11D3-BF4B-00C04F79EFBC}") = "Vnsdll", "..\dll's\Vnsdll\Vnsdll\Vnsdll.csproj", "{E08ED7EB-6A86-4460-9955-5939A5D019B0}"
EndProject
Global
	GlobalSection(SolutionConfigurationPlatforms) = preSolution
		Debug|Any CPU = Debug|Any CPU
		Release|Any CPU = Release|Any CPU
	EndGlobalSection
	GlobalSection(ProjectConfigurationPlatforms) = postSolution
		{373EE8AF-DB45-435D-A62F-CE23EE642106}.Debug|Any CPU.ActiveCfg = Debug|Any CPU
		{373EE8AF-DB45-435D-A62F-CE23EE642106}.Debug|Any CPU.Build.0 = Debug|Any CPU
		{373EE8AF-DB45-435D-A62F-CE23EE642106}.Release|Any CPU.ActiveCfg = Release|Any CPU
		{373EE8AF-DB45-435D-A62F-CE23EE642106}.Release|Any CPU.Build.0 = Release|Any CPU
		{E08ED7EB-6A86-4460-9955-5939A5D019B0}.Debug|Any CPU.ActiveCfg = Debug|Any CPU
		{E08ED7EB-6A86-4460-9955-5939A5D019B0}.Debug|Any CPU.Build.0 = Debug|Any CPU
		{E08ED7EB-6A86-4460-9955-5939A5D019B0}.Release|Any CPU.ActiveCfg = Release|Any CPU
		{E08ED7EB-6A86-4460-9955-5939A5D019B0}.Release|Any CPU.Build.0 = Release|Any CPU
	EndGlobalSection
	GlobalSection(SolutionProperties) = preSolution
		HideSolutionNode = FALSE
	EndGlobalSection
EndGlobal
